// !$*UTF8*$!
{
	archiveVersion = 1;
	classes = {
	};
	objectVersion = 48;
	objects = {

/* Begin PBXBuildFile section */
		40BA52D61FB6DB08003E2710 /* AppDelegate.swift in Sources */ = {isa = PBXBuildFile; fileRef = 40BA52D51FB6DB08003E2710 /* AppDelegate.swift */; };
		40BA52D81FB6DB08003E2710 /* ViewController.swift in Sources */ = {isa = PBXBuildFile; fileRef = 40BA52D71FB6DB08003E2710 /* ViewController.swift */; };
		40BA52DB1FB6DB08003E2710 /* Main.storyboard in Resources */ = {isa = PBXBuildFile; fileRef = 40BA52D91FB6DB08003E2710 /* Main.storyboard */; };
		40BA52DD1FB6DB08003E2710 /* Assets.xcassets in Resources */ = {isa = PBXBuildFile; fileRef = 40BA52DC1FB6DB08003E2710 /* Assets.xcassets */; };
		40BA52E01FB6DB08003E2710 /* LaunchScreen.storyboard in Resources */ = {isa = PBXBuildFile; fileRef = 40BA52DE1FB6DB08003E2710 /* LaunchScreen.storyboard */; };
		40BA52EB1FB6DB08003E2710 /* Procedure_AppTests.swift in Sources */ = {isa = PBXBuildFile; fileRef = 40BA52EA1FB6DB08003E2710 /* Procedure_AppTests.swift */; };
/* End PBXBuildFile section */

/* Begin PBXContainerItemProxy section */
		40BA52E71FB6DB08003E2710 /* PBXContainerItemProxy */ = {
			isa = PBXContainerItemProxy;
			containerPortal = 40BA52CA1FB6DB08003E2710 /* Project object */;
			proxyType = 1;
			remoteGlobalIDString = 40BA52D11FB6DB08003E2710;
			remoteInfo = "Procedure App";
		};
/* End PBXContainerItemProxy section */

/* Begin PBXFileReference section */
		40BA52D21FB6DB08003E2710 /* Procedure App.app */ = {isa = PBXFileReference; explicitFileType = wrapper.application; includeInIndex = 0; path = "Procedure App.app"; sourceTree = BUILT_PRODUCTS_DIR; };
		40BA52D51FB6DB08003E2710 /* AppDelegate.swift */ = {isa = PBXFileReference; lastKnownFileType = sourcecode.swift; path = AppDelegate.swift; sourceTree = "<group>"; };
		40BA52D71FB6DB08003E2710 /* ViewController.swift */ = {isa = PBXFileReference; lastKnownFileType = sourcecode.swift; path = ViewController.swift; sourceTree = "<group>"; };
		40BA52DA1FB6DB08003E2710 /* Base */ = {isa = PBXFileReference; lastKnownFileType = file.storyboard; name = Base; path = Base.lproj/Main.storyboard; sourceTree = "<group>"; };
		40BA52DC1FB6DB08003E2710 /* Assets.xcassets */ = {isa = PBXFileReference; lastKnownFileType = folder.assetcatalog; path = Assets.xcassets; sourceTree = "<group>"; };
		40BA52DF1FB6DB08003E2710 /* Base */ = {isa = PBXFileReference; lastKnownFileType = file.storyboard; name = Base; path = Base.lproj/LaunchScreen.storyboard; sourceTree = "<group>"; };
		40BA52E11FB6DB08003E2710 /* Info.plist */ = {isa = PBXFileReference; lastKnownFileType = text.plist.xml; path = Info.plist; sourceTree = "<group>"; };
		40BA52E61FB6DB08003E2710 /* Procedure AppTests.xctest */ = {isa = PBXFileReference; explicitFileType = wrapper.cfbundle; includeInIndex = 0; path = "Procedure AppTests.xctest"; sourceTree = BUILT_PRODUCTS_DIR; };
		40BA52EA1FB6DB08003E2710 /* Procedure_AppTests.swift */ = {isa = PBXFileReference; lastKnownFileType = sourcecode.swift; path = Procedure_AppTests.swift; sourceTree = "<group>"; };
		40BA52EC1FB6DB08003E2710 /* Info.plist */ = {isa = PBXFileReference; lastKnownFileType = text.plist.xml; path = Info.plist; sourceTree = "<group>"; };
/* End PBXFileReference section */

/* Begin PBXFrameworksBuildPhase section */
		40BA52CF1FB6DB08003E2710 /* Frameworks */ = {
			isa = PBXFrameworksBuildPhase;
			buildActionMask = 2147483647;
			files = (
			);
			runOnlyForDeploymentPostprocessing = 0;
		};
		40BA52E31FB6DB08003E2710 /* Frameworks */ = {
			isa = PBXFrameworksBuildPhase;
			buildActionMask = 2147483647;
			files = (
			);
			runOnlyForDeploymentPostprocessing = 0;
		};
/* End PBXFrameworksBuildPhase section */

/* Begin PBXGroup section */
		40BA52C91FB6DB08003E2710 = {
			isa = PBXGroup;
			children = (
				40BA52D41FB6DB08003E2710 /* Procedure App */,
				40BA52E91FB6DB08003E2710 /* Procedure AppTests */,
				40BA52D31FB6DB08003E2710 /* Products */,
			);
			sourceTree = "<group>";
		};
		40BA52D31FB6DB08003E2710 /* Products */ = {
			isa = PBXGroup;
			children = (
				40BA52D21FB6DB08003E2710 /* Procedure App.app */,
				40BA52E61FB6DB08003E2710 /* Procedure AppTests.xctest */,
			);
			name = Products;
			sourceTree = "<group>";
		};
		40BA52D41FB6DB08003E2710 /* Procedure App */ = {
			isa = PBXGroup;
			children = (
				40BA52D51FB6DB08003E2710 /* AppDelegate.swift */,
				40BA52D71FB6DB08003E2710 /* ViewController.swift */,
				40BA52D91FB6DB08003E2710 /* Main.storyboard */,
				40BA52DC1FB6DB08003E2710 /* Assets.xcassets */,
				40BA52DE1FB6DB08003E2710 /* LaunchScreen.storyboard */,
				40BA52E11FB6DB08003E2710 /* Info.plist */,
			);
			path = "Procedure App";
			sourceTree = "<group>";
		};
		40BA52E91FB6DB08003E2710 /* Procedure AppTests */ = {
			isa = PBXGroup;
			children = (
				40BA52EA1FB6DB08003E2710 /* Procedure_AppTests.swift */,
				40BA52EC1FB6DB08003E2710 /* Info.plist */,
			);
			path = "Procedure AppTests";
			sourceTree = "<group>";
		};
/* End PBXGroup section */

/* Begin PBXNativeTarget section */
		40BA52D11FB6DB08003E2710 /* Procedure App */ = {
			isa = PBXNativeTarget;
			buildConfigurationList = 40BA52EF1FB6DB08003E2710 /* Build configuration list for PBXNativeTarget "Procedure App" */;
			buildPhases = (
				40BA52CE1FB6DB08003E2710 /* Sources */,
				40BA52CF1FB6DB08003E2710 /* Frameworks */,
				40BA52D01FB6DB08003E2710 /* Resources */,
			);
			buildRules = (
			);
			dependencies = (
			);
			name = "Procedure App";
			productName = "Procedure App";
			productReference = 40BA52D21FB6DB08003E2710 /* Procedure App.app */;
			productType = "com.apple.product-type.application";
		};
		40BA52E51FB6DB08003E2710 /* Procedure AppTests */ = {
			isa = PBXNativeTarget;
			buildConfigurationList = 40BA52F21FB6DB08003E2710 /* Build configuration list for PBXNativeTarget "Procedure AppTests" */;
			buildPhases = (
				40BA52E21FB6DB08003E2710 /* Sources */,
				40BA52E31FB6DB08003E2710 /* Frameworks */,
				40BA52E41FB6DB08003E2710 /* Resources */,
			);
			buildRules = (
			);
			dependencies = (
				40BA52E81FB6DB08003E2710 /* PBXTargetDependency */,
			);
			name = "Procedure AppTests";
			productName = "Procedure AppTests";
			productReference = 40BA52E61FB6DB08003E2710 /* Procedure AppTests.xctest */;
			productType = "com.apple.product-type.bundle.unit-test";
		};
/* End PBXNativeTarget section */

/* Begin PBXProject section */
		40BA52CA1FB6DB08003E2710 /* Project object */ = {
			isa = PBXProject;
			attributes = {
				LastSwiftUpdateCheck = 0910;
				LastUpgradeCheck = 0910;
				ORGANIZATIONNAME = "Mat Nuckowski";
				TargetAttributes = {
					40BA52D11FB6DB08003E2710 = {
						CreatedOnToolsVersion = 9.1;
						ProvisioningStyle = Automatic;
					};
					40BA52E51FB6DB08003E2710 = {
						CreatedOnToolsVersion = 9.1;
						ProvisioningStyle = Automatic;
						TestTargetID = 40BA52D11FB6DB08003E2710;
					};
				};
			};
			buildConfigurationList = 40BA52CD1FB6DB08003E2710 /* Build configuration list for PBXProject "Procedure App" */;
			compatibilityVersion = "Xcode 8.0";
			developmentRegion = en;
			hasScannedForEncodings = 0;
			knownRegions = (
				en,
				Base,
			);
			mainGroup = 40BA52C91FB6DB08003E2710;
			productRefGroup = 40BA52D31FB6DB08003E2710 /* Products */;
			projectDirPath = "";
			projectRoot = "";
			targets = (
				40BA52D11FB6DB08003E2710 /* Procedure App */,
				40BA52E51FB6DB08003E2710 /* Procedure AppTests */,
			);
		};
/* End PBXProject section */

/* Begin PBXResourcesBuildPhase section */
		40BA52D01FB6DB08003E2710 /* Resources */ = {
			isa = PBXResourcesBuildPhase;
			buildActionMask = 2147483647;
			files = (
				40BA52E01FB6DB08003E2710 /* LaunchScreen.storyboard in Resources */,
				40BA52DD1FB6DB08003E2710 /* Assets.xcassets in Resources */,
				40BA52DB1FB6DB08003E2710 /* Main.storyboard in Resources */,
			);
			runOnlyForDeploymentPostprocessing = 0;
		};
		40BA52E41FB6DB08003E2710 /* Resources */ = {
			isa = PBXResourcesBuildPhase;
			buildActionMask = 2147483647;
			files = (
			);
			runOnlyForDeploymentPostprocessing = 0;
		};
/* End PBXResourcesBuildPhase section */

/* Begin PBXSourcesBuildPhase section */
		40BA52CE1FB6DB08003E2710 /* Sources */ = {
			isa = PBXSourcesBuildPhase;
			buildActionMask = 2147483647;
			files = (
				40BA52D81FB6DB08003E2710 /* ViewController.swift in Sources */,
				40BA52D61FB6DB08003E2710 /* AppDelegate.swift in Sources */,
			);
			runOnlyForDeploymentPostprocessing = 0;
		};
		40BA52E21FB6DB08003E2710 /* Sources */ = {
			isa = PBXSourcesBuildPhase;
			buildActionMask = 2147483647;
			files = (
				40BA52EB1FB6DB08003E2710 /* Procedure_AppTests.swift in Sources */,
			);
			runOnlyForDeploymentPostprocessing = 0;
		};
/* End PBXSourcesBuildPhase section */

/* Begin PBXTargetDependency section */
		40BA52E81FB6DB08003E2710 /* PBXTargetDependency */ = {
			isa = PBXTargetDependency;
			target = 40BA52D11FB6DB08003E2710 /* Procedure App */;
			targetProxy = 40BA52E71FB6DB08003E2710 /* PBXContainerItemProxy */;
		};
/* End PBXTargetDependency section */

/* Begin PBXVariantGroup section */
		40BA52D91FB6DB08003E2710 /* Main.storyboard */ = {
			isa = PBXVariantGroup;
			children = (
				40BA52DA1FB6DB08003E2710 /* Base */,
			);
			name = Main.storyboard;
			sourceTree = "<group>";
		};
		40BA52DE1FB6DB08003E2710 /* LaunchScreen.storyboard */ = {
			isa = PBXVariantGroup;
			children = (
				40BA52DF1FB6DB08003E2710 /* Base */,
			);
			name = LaunchScreen.storyboard;
			sourceTree = "<group>";
		};
/* End PBXVariantGroup section */

/* Begin XCBuildConfiguration section */
		40BA52ED1FB6DB08003E2710 /* Debug */ = {
			isa = XCBuildConfiguration;
			buildSettings = {
				ALWAYS_SEARCH_USER_PATHS = NO;
				CLANG_ANALYZER_NONNULL = YES;
				CLANG_ANALYZER_NUMBER_OBJECT_CONVERSION = YES_AGGRESSIVE;
				CLANG_CXX_LANGUAGE_STANDARD = "gnu++14";
				CLANG_CXX_LIBRARY = "libc++";
				CLANG_ENABLE_MODULES = YES;
				CLANG_ENABLE_OBJC_ARC = YES;
				CLANG_WARN_BLOCK_CAPTURE_AUTORELEASING = YES;
				CLANG_WARN_BOOL_CONVERSION = YES;
				CLANG_WARN_COMMA = YES;
				CLANG_WARN_CONSTANT_CONVERSION = YES;
				CLANG_WARN_DIRECT_OBJC_ISA_USAGE = YES_ERROR;
				CLANG_WARN_DOCUMENTATION_COMMENTS = YES;
				CLANG_WARN_EMPTY_BODY = YES;
				CLANG_WARN_ENUM_CONVERSION = YES;
				CLANG_WARN_INFINITE_RECURSION = YES;
				CLANG_WARN_INT_CONVERSION = YES;
				CLANG_WARN_NON_LITERAL_NULL_CONVERSION = YES;
				CLANG_WARN_OBJC_LITERAL_CONVERSION = YES;
				CLANG_WARN_OBJC_ROOT_CLASS = YES_ERROR;
				CLANG_WARN_RANGE_LOOP_ANALYSIS = YES;
				CLANG_WARN_STRICT_PROTOTYPES = YES;
				CLANG_WARN_SUSPICIOUS_MOVE = YES;
				CLANG_WARN_UNGUARDED_AVAILABILITY = YES_AGGRESSIVE;
				CLANG_WARN_UNREACHABLE_CODE = YES;
				CLANG_WARN__DUPLICATE_METHOD_MATCH = YES;
				CODE_SIGN_IDENTITY = "iPhone Developer";
				COPY_PHASE_STRIP = NO;
				DEBUG_INFORMATION_FORMAT = dwarf;
				ENABLE_STRICT_OBJC_MSGSEND = YES;
				ENABLE_TESTABILITY = YES;
				GCC_C_LANGUAGE_STANDARD = gnu11;
				GCC_DYNAMIC_NO_PIC = NO;
				GCC_NO_COMMON_BLOCKS = YES;
				GCC_OPTIMIZATION_LEVEL = 0;
				GCC_PREPROCESSOR_DEFINITIONS = (
					"DEBUG=1",
					"$(inherited)",
				);
				GCC_WARN_64_TO_32_BIT_CONVERSION = YES;
				GCC_WARN_ABOUT_RETURN_TYPE = YES_ERROR;
				GCC_WARN_UNDECLARED_SELECTOR = YES;
				GCC_WARN_UNINITIALIZED_AUTOS = YES_AGGRESSIVE;
				GCC_WARN_UNUSED_FUNCTION = YES;
				GCC_WARN_UNUSED_VARIABLE = YES;
				IPHONEOS_DEPLOYMENT_TARGET = 11.1;
				MTL_ENABLE_DEBUG_INFO = YES;
				ONLY_ACTIVE_ARCH = YES;
				SDKROOT = iphoneos;
				SWIFT_ACTIVE_COMPILATION_CONDITIONS = DEBUG;
				SWIFT_OPTIMIZATION_LEVEL = "-Onone";
			};
			name = Debug;
		};
		40BA52EE1FB6DB08003E2710 /* Release */ = {
			isa = XCBuildConfiguration;
			buildSettings = {
				ALWAYS_SEARCH_USER_PATHS = NO;
				CLANG_ANALYZER_NONNULL = YES;
				CLANG_ANALYZER_NUMBER_OBJECT_CONVERSION = YES_AGGRESSIVE;
				CLANG_CXX_LANGUAGE_STANDARD = "gnu++14";
				CLANG_CXX_LIBRARY = "libc++";
				CLANG_ENABLE_MODULES = YES;
				CLANG_ENABLE_OBJC_ARC = YES;
				CLANG_WARN_BLOCK_CAPTURE_AUTORELEASING = YES;
				CLANG_WARN_BOOL_CONVERSION = YES;
				CLANG_WARN_COMMA = YES;
				CLANG_WARN_CONSTANT_CONVERSION = YES;
				CLANG_WARN_DIRECT_OBJC_ISA_USAGE = YES_ERROR;
				CLANG_WARN_DOCUMENTATION_COMMENTS = YES;
				CLANG_WARN_EMPTY_BODY = YES;
				CLANG_WARN_ENUM_CONVERSION = YES;
				CLANG_WARN_INFINITE_RECURSION = YES;
				CLANG_WARN_INT_CONVERSION = YES;
				CLANG_WARN_NON_LITERAL_NULL_CONVERSION = YES;
				CLANG_WARN_OBJC_LITERAL_CONVERSION = YES;
				CLANG_WARN_OBJC_ROOT_CLASS = YES_ERROR;
				CLANG_WARN_RANGE_LOOP_ANALYSIS = YES;
				CLANG_WARN_STRICT_PROTOTYPES = YES;
				CLANG_WARN_SUSPICIOUS_MOVE = YES;
				CLANG_WARN_UNGUARDED_AVAILABILITY = YES_AGGRESSIVE;
				CLANG_WARN_UNREACHABLE_CODE = YES;
				CLANG_WARN__DUPLICATE_METHOD_MATCH = YES;
				CODE_SIGN_IDENTITY = "iPhone Developer";
				COPY_PHASE_STRIP = NO;
				DEBUG_INFORMATION_FORMAT = "dwarf-with-dsym";
				ENABLE_NS_ASSERTIONS = NO;
				ENABLE_STRICT_OBJC_MSGSEND = YES;
				GCC_C_LANGUAGE_STANDARD = gnu11;
				GCC_NO_COMMON_BLOCKS = YES;
				GCC_WARN_64_TO_32_BIT_CONVERSION = YES;
				GCC_WARN_ABOUT_RETURN_TYPE = YES_ERROR;
				GCC_WARN_UNDECLARED_SELECTOR = YES;
				GCC_WARN_UNINITIALIZED_AUTOS = YES_AGGRESSIVE;
				GCC_WARN_UNUSED_FUNCTION = YES;
				GCC_WARN_UNUSED_VARIABLE = YES;
				IPHONEOS_DEPLOYMENT_TARGET = 11.1;
				MTL_ENABLE_DEBUG_INFO = NO;
				SDKROOT = iphoneos;
				SWIFT_OPTIMIZATION_LEVEL = "-Owholemodule";
				VALIDATE_PRODUCT = YES;
			};
			name = Release;
		};
		40BA52F01FB6DB08003E2710 /* Debug */ = {
			isa = XCBuildConfiguration;
			buildSettings = {
				ASSETCATALOG_COMPILER_APPICON_NAME = AppIcon;
				CODE_SIGN_STYLE = Automatic;
				DEVELOPMENT_TEAM = 4PRUZMW26M;
				INFOPLIST_FILE = "Procedure App/Info.plist";
				LD_RUNPATH_SEARCH_PATHS = "$(inherited) @executable_path/Frameworks";
				PRODUCT_BUNDLE_IDENTIFIER = "QuantumKiwi.co.Procedure-App";
				PRODUCT_NAME = "$(TARGET_NAME)";
				SWIFT_VERSION = 4.0;
				TARGETED_DEVICE_FAMILY = "1,2";
			};
			name = Debug;
		};
		40BA52F11FB6DB08003E2710 /* Release */ = {
			isa = XCBuildConfiguration;
			buildSettings = {
				ASSETCATALOG_COMPILER_APPICON_NAME = AppIcon;
				CODE_SIGN_STYLE = Automatic;
				DEVELOPMENT_TEAM = 4PRUZMW26M;
				INFOPLIST_FILE = "Procedure App/Info.plist";
				LD_RUNPATH_SEARCH_PATHS = "$(inherited) @executable_path/Frameworks";
				PRODUCT_BUNDLE_IDENTIFIER = "QuantumKiwi.co.Procedure-App";
				PRODUCT_NAME = "$(TARGET_NAME)";
				SWIFT_VERSION = 4.0;
				TARGETED_DEVICE_FAMILY = "1,2";
			};
			name = Release;
		};
		40BA52F31FB6DB08003E2710 /* Debug */ = {
			isa = XCBuildConfiguration;
			buildSettings = {
				ALWAYS_EMBED_SWIFT_STANDARD_LIBRARIES = YES;
				BUNDLE_LOADER = "$(TEST_HOST)";
				CODE_SIGN_STYLE = Automatic;
				DEVELOPMENT_TEAM = 4PRUZMW26M;
				INFOPLIST_FILE = "Procedure AppTests/Info.plist";
				LD_RUNPATH_SEARCH_PATHS = "$(inherited) @executable_path/Frameworks @loader_path/Frameworks";
				PRODUCT_BUNDLE_IDENTIFIER = "QuantumKiwi.co.Procedure-AppTests";
				PRODUCT_NAME = "$(TARGET_NAME)";
				SWIFT_VERSION = 4.0;
				TARGETED_DEVICE_FAMILY = "1,2";
				TEST_HOST = "$(BUILT_PRODUCTS_DIR)/Procedure App.app/Procedure App";
			};
			name = Debug;
		};
		40BA52F41FB6DB08003E2710 /* Release */ = {
			isa = XCBuildConfiguration;
			buildSettings = {
				ALWAYS_EMBED_SWIFT_STANDARD_LIBRARIES = YES;
				BUNDLE_LOADER = "$(TEST_HOST)";
				CODE_SIGN_STYLE = Automatic;
				DEVELOPMENT_TEAM = 4PRUZMW26M;
				INFOPLIST_FILE = "Procedure AppTests/Info.plist";
				LD_RUNPATH_SEARCH_PATHS = "$(inherited) @executable_path/Frameworks @loader_path/Frameworks";
				PRODUCT_BUNDLE_IDENTIFIER = "QuantumKiwi.co.Procedure-AppTests";
				PRODUCT_NAME = "$(TARGET_NAME)";
				SWIFT_VERSION = 4.0;
				TARGETED_DEVICE_FAMILY = "1,2";
				TEST_HOST = "$(BUILT_PRODUCTS_DIR)/Procedure App.app/Procedure App";
			};
			name = Release;
		};
/* End XCBuildConfiguration section */

/* Begin XCConfigurationList section */
		40BA52CD1FB6DB08003E2710 /* Build configuration list for PBXProject "Procedure App" */ = {
			isa = XCConfigurationList;
			buildConfigurations = (
				40BA52ED1FB6DB08003E2710 /* Debug */,
				40BA52EE1FB6DB08003E2710 /* Release */,
			);
			defaultConfigurationIsVisible = 0;
			defaultConfigurationName = Release;
		};
		40BA52EF1FB6DB08003E2710 /* Build configuration list for PBXNativeTarget "Procedure App" */ = {
			isa = XCConfigurationList;
			buildConfigurations = (
				40BA52F01FB6DB08003E2710 /* Debug */,
				40BA52F11FB6DB08003E2710 /* Release */,
			);
			defaultConfigurationIsVisible = 0;
			defaultConfigurationName = Release;
		};
		40BA52F21FB6DB08003E2710 /* Build configuration list for PBXNativeTarget "Procedure AppTests" */ = {
			isa = XCConfigurationList;
			buildConfigurations = (
				40BA52F31FB6DB08003E2710 /* Debug */,
				40BA52F41FB6DB08003E2710 /* Release */,
			);
			defaultConfigurationIsVisible = 0;
			defaultConfigurationName = Release;
		};
/* End XCConfigurationList section */
	};
	rootObject = 40BA52CA1FB6DB08003E2710 /* Project object */;
}
